
Microsoft Visual Studio Solution File, Format Version 12.00
# Visual Studio Version 17
VisualStudioVersion = 17.8.34330.188
MinimumVisualStudioVersion = 10.0.40219.1
Project("{FAE04EC0-301F-11D3-BF4B-00C04F79EFBC}") = "CNPM _ VD1", "CNPM _ VD1\CNPM _ VD1.csproj", "{3255E9EC-A440-42CA-A3F0-4E1B5881AEDB}"
EndProject
Global
	GlobalSection(SolutionConfigurationPlatforms) = preSolution
		Debug|Any CPU = Debug|Any CPU
		Release|Any CPU = Release|Any CPU
	EndGlobalSection
	GlobalSection(ProjectConfigurationPlatforms) = postSolution
		{3255E9EC-A440-42CA-A3F0-4E1B5881AEDB}.Debug|Any CPU.ActiveCfg = Debug|Any CPU
		{3255E9EC-A440-42CA-A3F0-4E1B5881AEDB}.Debug|Any CPU.Build.0 = Debug|Any CPU
		{3255E9EC-A440-42CA-A3F0-4E1B5881AEDB}.Release|Any CPU.ActiveCfg = Release|Any CPU
		{3255E9EC-A440-42CA-A3F0-4E1B5881AEDB}.Release|Any CPU.Build.0 = Release|Any CPU
	EndGlobalSection
	GlobalSection(SolutionProperties) = preSolution
		HideSolutionNode = FALSE
	EndGlobalSection
	GlobalSection(ExtensibilityGlobals) = postSolution
		SolutionGuid = {D3CAA148-9637-434A-9F67-97ABF0B5BBEC}
	EndGlobalSection
EndGlobal
